
Microsoft Visual Studio Solution File, Format Version 12.00
# Visual Studio Version 17
VisualStudioVersion = 17.8.34309.116
MinimumVisualStudioVersion = 10.0.40219.1
Project("{FAE04EC0-301F-11D3-BF4B-00C04F79EFBC}") = "asp-net-core-web-app", "asp-net-core-web-app.csproj", "{74C8C01D-7A4C-4868-BFDB-65065A4D61C2}"
EndProject
Global
	GlobalSection(SolutionConfigurationPlatforms) = preSolution
		Debug|Any CPU = Debug|Any CPU
		Release|Any CPU = Release|Any CPU
	EndGlobalSection
	GlobalSection(ProjectConfigurationPlatforms) = postSolution
		{74C8C01D-7A4C-4868-BFDB-65065A4D61C2}.Debug|Any CPU.ActiveCfg = Debug|Any CPU
		{74C8C01D-7A4C-4868-BFDB-65065A4D61C2}.Debug|Any CPU.Build.0 = Debug|Any CPU
		{74C8C01D-7A4C-4868-BFDB-65065A4D61C2}.Release|Any CPU.ActiveCfg = Release|Any CPU
		{74C8C01D-7A4C-4868-BFDB-65065A4D61C2}.Release|Any CPU.Build.0 = Release|Any CPU
	EndGlobalSection
	GlobalSection(SolutionProperties) = preSolution
		HideSolutionNode = FALSE
	EndGlobalSection
	GlobalSection(ExtensibilityGlobals) = postSolution
		SolutionGuid = {C38962BF-274A-45F9-9507-BF06CBC334C8}
	EndGlobalSection
EndGlobal
